{
  "requires": true,
  "lockfileVersion": 1,
  "dependencies": {
    "emoji-picker-react": {
      "version": "3.2.1",
      "resolved": "https://registry.npmjs.org/emoji-picker-react/-/emoji-picker-react-3.2.1.tgz",
      "integrity": "sha512-UAGAV0GzrmWhEVRD/hAu365YyD4ya9DDOcKp2fHO5fKkuJfPnIyfVd4OIR6TtdSyku4alwE2E1gviTeQopzmbw=="
    }
  }
}
